
Microsoft Visual Studio Solution File, Format Version 12.00
# Visual Studio Version 16
VisualStudioVersion = 16.0.30711.63
MinimumVisualStudioVersion = 10.0.40219.1
Project("{FAE04EC0-301F-11D3-BF4B-00C04F79EFBC}") = "AzureApp", "AzureApp\AzureApp.csproj", "{A739760E-D14F-43BF-81D6-621FC4BBEE1F}"
EndProject
Global
	GlobalSection(SolutionConfigurationPlatforms) = preSolution
		Debug|Any CPU = Debug|Any CPU
		Release|Any CPU = Release|Any CPU
	EndGlobalSection
	GlobalSection(ProjectConfigurationPlatforms) = postSolution
		{A739760E-D14F-43BF-81D6-621FC4BBEE1F}.Debug|Any CPU.ActiveCfg = Debug|Any CPU
		{A739760E-D14F-43BF-81D6-621FC4BBEE1F}.Debug|Any CPU.Build.0 = Debug|Any CPU
		{A739760E-D14F-43BF-81D6-621FC4BBEE1F}.Release|Any CPU.ActiveCfg = Release|Any CPU
		{A739760E-D14F-43BF-81D6-621FC4BBEE1F}.Release|Any CPU.Build.0 = Release|Any CPU
	EndGlobalSection
	GlobalSection(SolutionProperties) = preSolution
		HideSolutionNode = FALSE
	EndGlobalSection
	GlobalSection(ExtensibilityGlobals) = postSolution
		SolutionGuid = {B9785BDB-406F-447E-A085-3C1BEFAC3F62}
	EndGlobalSection
EndGlobal
